// !$*UTF8*$!
{
	archiveVersion = 1;
	classes = {
	};
	objectVersion = 50;
	objects = {

/* Begin PBXBuildFile section */
		22AA5752AB625570A88E7774 /* Pods_karimonoTests.framework in Frameworks */ = {isa = PBXBuildFile; fileRef = 528A5B13EE497EDD9032CCD0 /* Pods_karimonoTests.framework */; };
		AA0BB37B21BBDA6F00C7665A /* BaseTextFeild.swift in Sources */ = {isa = PBXBuildFile; fileRef = AA0BB37A21BBDA6F00C7665A /* BaseTextFeild.swift */; };
		AA0BB37E21BBDBAE00C7665A /* TextPickerViewController.swift in Sources */ = {isa = PBXBuildFile; fileRef = AA0BB37D21BBDBAE00C7665A /* TextPickerViewController.swift */; };
		AA0BB38021BBDBB800C7665A /* TextPicker.storyboard in Resources */ = {isa = PBXBuildFile; fileRef = AA0BB37F21BBDBB800C7665A /* TextPicker.storyboard */; };
		AA0BB38221BBDD9100C7665A /* SmallBoldLabel.swift in Sources */ = {isa = PBXBuildFile; fileRef = AA0BB38121BBDD9100C7665A /* SmallBoldLabel.swift */; };
		AA2F6BDA21BC2371007F5DCF /* LoadingView.swift in Sources */ = {isa = PBXBuildFile; fileRef = AA2F6BD921BC2371007F5DCF /* LoadingView.swift */; };
		AA2F6BDE21BC2AF1007F5DCF /* AuthRequests.swift in Sources */ = {isa = PBXBuildFile; fileRef = AA2F6BDD21BC2AF1007F5DCF /* AuthRequests.swift */; };
		AA38DA8E21BBBD7B00A3400B /* DropShadowBackgournd.swift in Sources */ = {isa = PBXBuildFile; fileRef = AA38DA8D21BBBD7B00A3400B /* DropShadowBackgournd.swift */; };
		AA64C81721BBCAE600BAE094 /* MainViewController.swift in Sources */ = {isa = PBXBuildFile; fileRef = AA64C81621BBCAE600BAE094 /* MainViewController.swift */; };
		AAA60BF221BBD42F00E012A4 /* BaseButton.swift in Sources */ = {isa = PBXBuildFile; fileRef = AAA60BF121BBD42F00E012A4 /* BaseButton.swift */; };
		AAB5607E21DF446400D93E1C /* ApiModels.swift in Sources */ = {isa = PBXBuildFile; fileRef = AAB5607D21DF446400D93E1C /* ApiModels.swift */; };
		AAB5608021DF475A00D93E1C /* BorrowingRequest.swift in Sources */ = {isa = PBXBuildFile; fileRef = AAB5607F21DF475A00D93E1C /* BorrowingRequest.swift */; };
		AAB5608221DF478000D93E1C /* AccountTeamRequest.swift in Sources */ = {isa = PBXBuildFile; fileRef = AAB5608121DF478000D93E1C /* AccountTeamRequest.swift */; };
		AAB5608521DF4ABB00D93E1C /* AccountAuthViewController.swift in Sources */ = {isa = PBXBuildFile; fileRef = AAB5608421DF4ABB00D93E1C /* AccountAuthViewController.swift */; };
		AAB5608721DF510900D93E1C /* ViewModelInjectable.swift in Sources */ = {isa = PBXBuildFile; fileRef = AAB5608621DF510900D93E1C /* ViewModelInjectable.swift */; };
		AAB5608921DF541D00D93E1C /* DataRepository.swift in Sources */ = {isa = PBXBuildFile; fileRef = AAB5608821DF541D00D93E1C /* DataRepository.swift */; };
		AAB5608C21DF98E100D93E1C /* AccountAuthViewController.storyboard in Resources */ = {isa = PBXBuildFile; fileRef = AAB5608B21DF98E100D93E1C /* AccountAuthViewController.storyboard */; };
		AAB5608E21DF9CB400D93E1C /* BaseViewController.swift in Sources */ = {isa = PBXBuildFile; fileRef = AAB5608D21DF9CB400D93E1C /* BaseViewController.swift */; };
		AAB5609021DF9F6600D93E1C /* AccountAuthViewModel.swift in Sources */ = {isa = PBXBuildFile; fileRef = AAB5608F21DF9F6600D93E1C /* AccountAuthViewModel.swift */; };
		AAB5609221DF9F7A00D93E1C /* BaseViewModel.swift in Sources */ = {isa = PBXBuildFile; fileRef = AAB5609121DF9F7A00D93E1C /* BaseViewModel.swift */; };
		AAB5609621E04C7000D93E1C /* WelcomeViewController.swift in Sources */ = {isa = PBXBuildFile; fileRef = AAB5609521E04C7000D93E1C /* WelcomeViewController.swift */; };
		AAB5609821E04C9300D93E1C /* WelcomeViewController.storyboard in Resources */ = {isa = PBXBuildFile; fileRef = AAB5609721E04C9300D93E1C /* WelcomeViewController.storyboard */; };
		AAB5609A21E04CA400D93E1C /* WelcomeViewModel.swift in Sources */ = {isa = PBXBuildFile; fileRef = AAB5609921E04CA400D93E1C /* WelcomeViewModel.swift */; };
		AAB5609C21E0622600D93E1C /* TeamsViewController.swift in Sources */ = {isa = PBXBuildFile; fileRef = AAB5609B21E0622600D93E1C /* TeamsViewController.swift */; };
		AAB560A421E0631200D93E1C /* BorrowingItems.storyboard in Resources */ = {isa = PBXBuildFile; fileRef = AAB560A021E0631200D93E1C /* BorrowingItems.storyboard */; };
		AAB560A521E0631200D93E1C /* BorrowingItemsViewController.swift in Sources */ = {isa = PBXBuildFile; fileRef = AAB560A121E0631200D93E1C /* BorrowingItemsViewController.swift */; };
		AAB560A621E0631200D93E1C /* BorrowingItemCell.swift in Sources */ = {isa = PBXBuildFile; fileRef = AAB560A221E0631200D93E1C /* BorrowingItemCell.swift */; };
		AAB560A721E0631200D93E1C /* BorrowingItemCell.xib in Resources */ = {isa = PBXBuildFile; fileRef = AAB560A321E0631200D93E1C /* BorrowingItemCell.xib */; };
		AAB560A921E063C100D93E1C /* TeamsViewController.storyboard in Resources */ = {isa = PBXBuildFile; fileRef = AAB560A821E063C100D93E1C /* TeamsViewController.storyboard */; };
		AAB560AB21E063CB00D93E1C /* TeamsViewModel.swift in Sources */ = {isa = PBXBuildFile; fileRef = AAB560AA21E063CB00D93E1C /* TeamsViewModel.swift */; };
		AAB560AD21E0644A00D93E1C /* TeamCell.xib in Resources */ = {isa = PBXBuildFile; fileRef = AAB560AC21E0644A00D93E1C /* TeamCell.xib */; };
		AAB560AF21E0645700D93E1C /* TeamCell.swift in Sources */ = {isa = PBXBuildFile; fileRef = AAB560AE21E0645700D93E1C /* TeamCell.swift */; };
		AAB560B621E07ACA00D93E1C /* TeamAuthViewController.swift in Sources */ = {isa = PBXBuildFile; fileRef = AAB560B521E07ACA00D93E1C /* TeamAuthViewController.swift */; };
		AAB560B821E07ADD00D93E1C /* TeamAuthViewController.storyboard in Resources */ = {isa = PBXBuildFile; fileRef = AAB560B721E07ADD00D93E1C /* TeamAuthViewController.storyboard */; };
		AAB560BA21E07AEA00D93E1C /* TeamAuthViewModel.swift in Sources */ = {isa = PBXBuildFile; fileRef = AAB560B921E07AEA00D93E1C /* TeamAuthViewModel.swift */; };
		AAB560BC21E0833D00D93E1C /* RxSwift+Extenstions.swift in Sources */ = {isa = PBXBuildFile; fileRef = AAB560BB21E0833D00D93E1C /* RxSwift+Extenstions.swift */; };
		AADB439521A04D22009BF0C4 /* AppDelegate.swift in Sources */ = {isa = PBXBuildFile; fileRef = AADB439421A04D22009BF0C4 /* AppDelegate.swift */; };
		AADB439A21A04D22009BF0C4 /* Main.storyboard in Resources */ = {isa = PBXBuildFile; fileRef = AADB439821A04D22009BF0C4 /* Main.storyboard */; };
		AADB439C21A04D23009BF0C4 /* Assets.xcassets in Resources */ = {isa = PBXBuildFile; fileRef = AADB439B21A04D23009BF0C4 /* Assets.xcassets */; };
		AADB439F21A04D23009BF0C4 /* LaunchScreen.storyboard in Resources */ = {isa = PBXBuildFile; fileRef = AADB439D21A04D23009BF0C4 /* LaunchScreen.storyboard */; };
		AADB43AA21A04D23009BF0C4 /* karimonoTests.swift in Sources */ = {isa = PBXBuildFile; fileRef = AADB43A921A04D23009BF0C4 /* karimonoTests.swift */; };
		AADB43B521A04D24009BF0C4 /* karimonoUITests.swift in Sources */ = {isa = PBXBuildFile; fileRef = AADB43B421A04D24009BF0C4 /* karimonoUITests.swift */; };
		AADB43D221A060DE009BF0C4 /* RequestManager.swift in Sources */ = {isa = PBXBuildFile; fileRef = AADB43D121A060DE009BF0C4 /* RequestManager.swift */; };
		AADB43D521A068C1009BF0C4 /* ReturningViewController.swift in Sources */ = {isa = PBXBuildFile; fileRef = AADB43D421A068C1009BF0C4 /* ReturningViewController.swift */; };
		AADB43D721A068CB009BF0C4 /* Returning.storyboard in Resources */ = {isa = PBXBuildFile; fileRef = AADB43D621A068CB009BF0C4 /* Returning.storyboard */; };
		AAF552DC21BBBFE200803D1B /* BigLabel.swift in Sources */ = {isa = PBXBuildFile; fileRef = AAF552DB21BBBFE200803D1B /* BigLabel.swift */; };
		AAF552DE21BBBFF000803D1B /* BaseLabel.swift in Sources */ = {isa = PBXBuildFile; fileRef = AAF552DD21BBBFF000803D1B /* BaseLabel.swift */; };
		AAF552E121BBC04900803D1B /* UIColor+Extenstions.swift in Sources */ = {isa = PBXBuildFile; fileRef = AAF552E021BBC04900803D1B /* UIColor+Extenstions.swift */; };
		AAF552E321BBC28C00803D1B /* SmallRegulerLabel.swift in Sources */ = {isa = PBXBuildFile; fileRef = AAF552E221BBC28C00803D1B /* SmallRegulerLabel.swift */; };
		AEC85EAE21E211A200A161B3 /* TeamBorrowingsViewController.swift in Sources */ = {isa = PBXBuildFile; fileRef = AEC85EAD21E211A200A161B3 /* TeamBorrowingsViewController.swift */; };
		AEC85EB021E211C100A161B3 /* TeamBorrowingsViewModel.swift in Sources */ = {isa = PBXBuildFile; fileRef = AEC85EAF21E211C000A161B3 /* TeamBorrowingsViewModel.swift */; };
		AEC85EB221E211E900A161B3 /* TeamBorrowingsViewController.storyboard in Resources */ = {isa = PBXBuildFile; fileRef = AEC85EB121E211E900A161B3 /* TeamBorrowingsViewController.storyboard */; };
		AEC85EB421E22E1100A161B3 /* BorrowingCell.swift in Sources */ = {isa = PBXBuildFile; fileRef = AEC85EB321E22E1100A161B3 /* BorrowingCell.swift */; };
		AEC85EB621E22E1C00A161B3 /* BorrowingCell.xib in Resources */ = {isa = PBXBuildFile; fileRef = AEC85EB521E22E1C00A161B3 /* BorrowingCell.xib */; };
		AEC85EB921E2312500A161B3 /* NewBorrowingViewController.swift in Sources */ = {isa = PBXBuildFile; fileRef = AEC85EB821E2312500A161B3 /* NewBorrowingViewController.swift */; };
		AEC85EBB21E2313600A161B3 /* NewBorrowingViewModel.swift in Sources */ = {isa = PBXBuildFile; fileRef = AEC85EBA21E2313600A161B3 /* NewBorrowingViewModel.swift */; };
		AEC85EBD21E2314700A161B3 /* NewBorrwoingViewController.storyboard in Resources */ = {isa = PBXBuildFile; fileRef = AEC85EBC21E2314700A161B3 /* NewBorrwoingViewController.storyboard */; };
		CE8971389D2D026D5A01D5AB /* Pods_karimono.framework in Frameworks */ = {isa = PBXBuildFile; fileRef = 8EB5E3A8F1177B878E9EB4B4 /* Pods_karimono.framework */; };
		CF69F9465FD48C083F732199 /* Pods_karimonoUITests.framework in Frameworks */ = {isa = PBXBuildFile; fileRef = 131C45965E34DC5FCBAF77FF /* Pods_karimonoUITests.framework */; };
/* End PBXBuildFile section */

/* Begin PBXContainerItemProxy section */
		AADB43A621A04D23009BF0C4 /* PBXContainerItemProxy */ = {
			isa = PBXContainerItemProxy;
			containerPortal = AADB438921A04D22009BF0C4 /* Project object */;
			proxyType = 1;
			remoteGlobalIDString = AADB439021A04D22009BF0C4;
			remoteInfo = karimono;
		};
		AADB43B121A04D24009BF0C4 /* PBXContainerItemProxy */ = {
			isa = PBXContainerItemProxy;
			containerPortal = AADB438921A04D22009BF0C4 /* Project object */;
			proxyType = 1;
			remoteGlobalIDString = AADB439021A04D22009BF0C4;
			remoteInfo = karimono;
		};
/* End PBXContainerItemProxy section */

/* Begin PBXFileReference section */
		131C45965E34DC5FCBAF77FF /* Pods_karimonoUITests.framework */ = {isa = PBXFileReference; explicitFileType = wrapper.framework; includeInIndex = 0; path = Pods_karimonoUITests.framework; sourceTree = BUILT_PRODUCTS_DIR; };
		528A5B13EE497EDD9032CCD0 /* Pods_karimonoTests.framework */ = {isa = PBXFileReference; explicitFileType = wrapper.framework; includeInIndex = 0; path = Pods_karimonoTests.framework; sourceTree = BUILT_PRODUCTS_DIR; };
		52927FA12A33FED366B095E5 /* Pods-karimonoUITests.debug.xcconfig */ = {isa = PBXFileReference; includeInIndex = 1; lastKnownFileType = text.xcconfig; name = "Pods-karimonoUITests.debug.xcconfig"; path = "Pods/Target Support Files/Pods-karimonoUITests/Pods-karimonoUITests.debug.xcconfig"; sourceTree = "<group>"; };
		57BFAED132F412C51BF880D9 /* Pods-karimono.release.xcconfig */ = {isa = PBXFileReference; includeInIndex = 1; lastKnownFileType = text.xcconfig; name = "Pods-karimono.release.xcconfig"; path = "Pods/Target Support Files/Pods-karimono/Pods-karimono.release.xcconfig"; sourceTree = "<group>"; };
		6A3FB046B0967FC4AB605D1B /* Pods-karimonoUITests.release.xcconfig */ = {isa = PBXFileReference; includeInIndex = 1; lastKnownFileType = text.xcconfig; name = "Pods-karimonoUITests.release.xcconfig"; path = "Pods/Target Support Files/Pods-karimonoUITests/Pods-karimonoUITests.release.xcconfig"; sourceTree = "<group>"; };
		6FF73BF90A7F5D2C692A2B1B /* Pods-karimonoTests.debug.xcconfig */ = {isa = PBXFileReference; includeInIndex = 1; lastKnownFileType = text.xcconfig; name = "Pods-karimonoTests.debug.xcconfig"; path = "Pods/Target Support Files/Pods-karimonoTests/Pods-karimonoTests.debug.xcconfig"; sourceTree = "<group>"; };
		8893EA0C902D4947C2D2B3E3 /* Pods-karimono.debug.xcconfig */ = {isa = PBXFileReference; includeInIndex = 1; lastKnownFileType = text.xcconfig; name = "Pods-karimono.debug.xcconfig"; path = "Pods/Target Support Files/Pods-karimono/Pods-karimono.debug.xcconfig"; sourceTree = "<group>"; };
		8EB5E3A8F1177B878E9EB4B4 /* Pods_karimono.framework */ = {isa = PBXFileReference; explicitFileType = wrapper.framework; includeInIndex = 0; path = Pods_karimono.framework; sourceTree = BUILT_PRODUCTS_DIR; };
		99F931521016529FE4403A01 /* Pods-karimonoTests.release.xcconfig */ = {isa = PBXFileReference; includeInIndex = 1; lastKnownFileType = text.xcconfig; name = "Pods-karimonoTests.release.xcconfig"; path = "Pods/Target Support Files/Pods-karimonoTests/Pods-karimonoTests.release.xcconfig"; sourceTree = "<group>"; };
		AA0BB37A21BBDA6F00C7665A /* BaseTextFeild.swift */ = {isa = PBXFileReference; lastKnownFileType = sourcecode.swift; path = BaseTextFeild.swift; sourceTree = "<group>"; };
		AA0BB37D21BBDBAE00C7665A /* TextPickerViewController.swift */ = {isa = PBXFileReference; lastKnownFileType = sourcecode.swift; path = TextPickerViewController.swift; sourceTree = "<group>"; };
		AA0BB37F21BBDBB800C7665A /* TextPicker.storyboard */ = {isa = PBXFileReference; lastKnownFileType = file.storyboard; path = TextPicker.storyboard; sourceTree = "<group>"; };
		AA0BB38121BBDD9100C7665A /* SmallBoldLabel.swift */ = {isa = PBXFileReference; lastKnownFileType = sourcecode.swift; path = SmallBoldLabel.swift; sourceTree = "<group>"; };
		AA2F6BD921BC2371007F5DCF /* LoadingView.swift */ = {isa = PBXFileReference; lastKnownFileType = sourcecode.swift; path = LoadingView.swift; sourceTree = "<group>"; };
		AA2F6BDD21BC2AF1007F5DCF /* AuthRequests.swift */ = {isa = PBXFileReference; lastKnownFileType = sourcecode.swift; path = AuthRequests.swift; sourceTree = "<group>"; };
		AA38DA8D21BBBD7B00A3400B /* DropShadowBackgournd.swift */ = {isa = PBXFileReference; lastKnownFileType = sourcecode.swift; path = DropShadowBackgournd.swift; sourceTree = "<group>"; };
		AA64C81621BBCAE600BAE094 /* MainViewController.swift */ = {isa = PBXFileReference; lastKnownFileType = sourcecode.swift; path = MainViewController.swift; sourceTree = "<group>"; };
		AAA60BF121BBD42F00E012A4 /* BaseButton.swift */ = {isa = PBXFileReference; lastKnownFileType = sourcecode.swift; path = BaseButton.swift; sourceTree = "<group>"; };
		AAB5607D21DF446400D93E1C /* ApiModels.swift */ = {isa = PBXFileReference; lastKnownFileType = sourcecode.swift; path = ApiModels.swift; sourceTree = "<group>"; };
		AAB5607F21DF475A00D93E1C /* BorrowingRequest.swift */ = {isa = PBXFileReference; lastKnownFileType = sourcecode.swift; path = BorrowingRequest.swift; sourceTree = "<group>"; };
		AAB5608121DF478000D93E1C /* AccountTeamRequest.swift */ = {isa = PBXFileReference; lastKnownFileType = sourcecode.swift; path = AccountTeamRequest.swift; sourceTree = "<group>"; };
		AAB5608421DF4ABB00D93E1C /* AccountAuthViewController.swift */ = {isa = PBXFileReference; lastKnownFileType = sourcecode.swift; path = AccountAuthViewController.swift; sourceTree = "<group>"; };
		AAB5608621DF510900D93E1C /* ViewModelInjectable.swift */ = {isa = PBXFileReference; lastKnownFileType = sourcecode.swift; path = ViewModelInjectable.swift; sourceTree = "<group>"; };
		AAB5608821DF541D00D93E1C /* DataRepository.swift */ = {isa = PBXFileReference; lastKnownFileType = sourcecode.swift; path = DataRepository.swift; sourceTree = "<group>"; };
		AAB5608B21DF98E100D93E1C /* AccountAuthViewController.storyboard */ = {isa = PBXFileReference; lastKnownFileType = file.storyboard; path = AccountAuthViewController.storyboard; sourceTree = "<group>"; };
		AAB5608D21DF9CB400D93E1C /* BaseViewController.swift */ = {isa = PBXFileReference; lastKnownFileType = sourcecode.swift; path = BaseViewController.swift; sourceTree = "<group>"; };
		AAB5608F21DF9F6600D93E1C /* AccountAuthViewModel.swift */ = {isa = PBXFileReference; lastKnownFileType = sourcecode.swift; path = AccountAuthViewModel.swift; sourceTree = "<group>"; };
		AAB5609121DF9F7A00D93E1C /* BaseViewModel.swift */ = {isa = PBXFileReference; lastKnownFileType = sourcecode.swift; path = BaseViewModel.swift; sourceTree = "<group>"; };
		AAB5609521E04C7000D93E1C /* WelcomeViewController.swift */ = {isa = PBXFileReference; lastKnownFileType = sourcecode.swift; path = WelcomeViewController.swift; sourceTree = "<group>"; };
		AAB5609721E04C9300D93E1C /* WelcomeViewController.storyboard */ = {isa = PBXFileReference; lastKnownFileType = file.storyboard; path = WelcomeViewController.storyboard; sourceTree = "<group>"; };
		AAB5609921E04CA400D93E1C /* WelcomeViewModel.swift */ = {isa = PBXFileReference; lastKnownFileType = sourcecode.swift; path = WelcomeViewModel.swift; sourceTree = "<group>"; };
		AAB5609B21E0622600D93E1C /* TeamsViewController.swift */ = {isa = PBXFileReference; lastKnownFileType = sourcecode.swift; path = TeamsViewController.swift; sourceTree = "<group>"; };
		AAB560A021E0631200D93E1C /* BorrowingItems.storyboard */ = {isa = PBXFileReference; fileEncoding = 4; lastKnownFileType = file.storyboard; path = BorrowingItems.storyboard; sourceTree = "<group>"; };
		AAB560A121E0631200D93E1C /* BorrowingItemsViewController.swift */ = {isa = PBXFileReference; fileEncoding = 4; lastKnownFileType = sourcecode.swift; path = BorrowingItemsViewController.swift; sourceTree = "<group>"; };
		AAB560A221E0631200D93E1C /* BorrowingItemCell.swift */ = {isa = PBXFileReference; fileEncoding = 4; lastKnownFileType = sourcecode.swift; path = BorrowingItemCell.swift; sourceTree = "<group>"; };
		AAB560A321E0631200D93E1C /* BorrowingItemCell.xib */ = {isa = PBXFileReference; fileEncoding = 4; lastKnownFileType = file.xib; path = BorrowingItemCell.xib; sourceTree = "<group>"; };
		AAB560A821E063C100D93E1C /* TeamsViewController.storyboard */ = {isa = PBXFileReference; lastKnownFileType = file.storyboard; path = TeamsViewController.storyboard; sourceTree = "<group>"; };
		AAB560AA21E063CB00D93E1C /* TeamsViewModel.swift */ = {isa = PBXFileReference; lastKnownFileType = sourcecode.swift; path = TeamsViewModel.swift; sourceTree = "<group>"; };
		AAB560AC21E0644A00D93E1C /* TeamCell.xib */ = {isa = PBXFileReference; lastKnownFileType = file.xib; path = TeamCell.xib; sourceTree = "<group>"; };
		AAB560AE21E0645700D93E1C /* TeamCell.swift */ = {isa = PBXFileReference; lastKnownFileType = sourcecode.swift; path = TeamCell.swift; sourceTree = "<group>"; };
		AAB560B521E07ACA00D93E1C /* TeamAuthViewController.swift */ = {isa = PBXFileReference; lastKnownFileType = sourcecode.swift; path = TeamAuthViewController.swift; sourceTree = "<group>"; };
		AAB560B721E07ADD00D93E1C /* TeamAuthViewController.storyboard */ = {isa = PBXFileReference; lastKnownFileType = file.storyboard; path = TeamAuthViewController.storyboard; sourceTree = "<group>"; };
		AAB560B921E07AEA00D93E1C /* TeamAuthViewModel.swift */ = {isa = PBXFileReference; lastKnownFileType = sourcecode.swift; path = TeamAuthViewModel.swift; sourceTree = "<group>"; };
		AAB560BB21E0833D00D93E1C /* RxSwift+Extenstions.swift */ = {isa = PBXFileReference; lastKnownFileType = sourcecode.swift; path = "RxSwift+Extenstions.swift"; sourceTree = "<group>"; };
		AADB439121A04D22009BF0C4 /* karimono.app */ = {isa = PBXFileReference; explicitFileType = wrapper.application; includeInIndex = 0; path = karimono.app; sourceTree = BUILT_PRODUCTS_DIR; };
		AADB439421A04D22009BF0C4 /* AppDelegate.swift */ = {isa = PBXFileReference; lastKnownFileType = sourcecode.swift; path = AppDelegate.swift; sourceTree = "<group>"; };
		AADB439921A04D22009BF0C4 /* Base */ = {isa = PBXFileReference; lastKnownFileType = file.storyboard; name = Base; path = Base.lproj/Main.storyboard; sourceTree = "<group>"; };
		AADB439B21A04D23009BF0C4 /* Assets.xcassets */ = {isa = PBXFileReference; lastKnownFileType = folder.assetcatalog; path = Assets.xcassets; sourceTree = "<group>"; };
		AADB439E21A04D23009BF0C4 /* Base */ = {isa = PBXFileReference; lastKnownFileType = file.storyboard; name = Base; path = Base.lproj/LaunchScreen.storyboard; sourceTree = "<group>"; };
		AADB43A021A04D23009BF0C4 /* Info.plist */ = {isa = PBXFileReference; lastKnownFileType = text.plist.xml; path = Info.plist; sourceTree = "<group>"; };
		AADB43A521A04D23009BF0C4 /* karimonoTests.xctest */ = {isa = PBXFileReference; explicitFileType = wrapper.cfbundle; includeInIndex = 0; path = karimonoTests.xctest; sourceTree = BUILT_PRODUCTS_DIR; };
		AADB43A921A04D23009BF0C4 /* karimonoTests.swift */ = {isa = PBXFileReference; lastKnownFileType = sourcecode.swift; path = karimonoTests.swift; sourceTree = "<group>"; };
		AADB43AB21A04D23009BF0C4 /* Info.plist */ = {isa = PBXFileReference; lastKnownFileType = text.plist.xml; path = Info.plist; sourceTree = "<group>"; };
		AADB43B021A04D24009BF0C4 /* karimonoUITests.xctest */ = {isa = PBXFileReference; explicitFileType = wrapper.cfbundle; includeInIndex = 0; path = karimonoUITests.xctest; sourceTree = BUILT_PRODUCTS_DIR; };
		AADB43B421A04D24009BF0C4 /* karimonoUITests.swift */ = {isa = PBXFileReference; lastKnownFileType = sourcecode.swift; path = karimonoUITests.swift; sourceTree = "<group>"; };
		AADB43B621A04D24009BF0C4 /* Info.plist */ = {isa = PBXFileReference; lastKnownFileType = text.plist.xml; path = Info.plist; sourceTree = "<group>"; };
		AADB43D121A060DE009BF0C4 /* RequestManager.swift */ = {isa = PBXFileReference; lastKnownFileType = sourcecode.swift; path = RequestManager.swift; sourceTree = "<group>"; };
		AADB43D421A068C1009BF0C4 /* ReturningViewController.swift */ = {isa = PBXFileReference; lastKnownFileType = sourcecode.swift; path = ReturningViewController.swift; sourceTree = "<group>"; };
		AADB43D621A068CB009BF0C4 /* Returning.storyboard */ = {isa = PBXFileReference; lastKnownFileType = file.storyboard; path = Returning.storyboard; sourceTree = "<group>"; };
		AAF552DB21BBBFE200803D1B /* BigLabel.swift */ = {isa = PBXFileReference; lastKnownFileType = sourcecode.swift; path = BigLabel.swift; sourceTree = "<group>"; };
		AAF552DD21BBBFF000803D1B /* BaseLabel.swift */ = {isa = PBXFileReference; lastKnownFileType = sourcecode.swift; path = BaseLabel.swift; sourceTree = "<group>"; };
		AAF552E021BBC04900803D1B /* UIColor+Extenstions.swift */ = {isa = PBXFileReference; lastKnownFileType = sourcecode.swift; path = "UIColor+Extenstions.swift"; sourceTree = "<group>"; };
		AAF552E221BBC28C00803D1B /* SmallRegulerLabel.swift */ = {isa = PBXFileReference; lastKnownFileType = sourcecode.swift; path = SmallRegulerLabel.swift; sourceTree = "<group>"; };
		AEC85EAD21E211A200A161B3 /* TeamBorrowingsViewController.swift */ = {isa = PBXFileReference; lastKnownFileType = sourcecode.swift; path = TeamBorrowingsViewController.swift; sourceTree = "<group>"; };
		AEC85EAF21E211C000A161B3 /* TeamBorrowingsViewModel.swift */ = {isa = PBXFileReference; lastKnownFileType = sourcecode.swift; path = TeamBorrowingsViewModel.swift; sourceTree = "<group>"; };
		AEC85EB121E211E900A161B3 /* TeamBorrowingsViewController.storyboard */ = {isa = PBXFileReference; lastKnownFileType = file.storyboard; path = TeamBorrowingsViewController.storyboard; sourceTree = "<group>"; };
		AEC85EB321E22E1100A161B3 /* BorrowingCell.swift */ = {isa = PBXFileReference; lastKnownFileType = sourcecode.swift; path = BorrowingCell.swift; sourceTree = "<group>"; };
		AEC85EB521E22E1C00A161B3 /* BorrowingCell.xib */ = {isa = PBXFileReference; lastKnownFileType = file.xib; path = BorrowingCell.xib; sourceTree = "<group>"; };
		AEC85EB821E2312500A161B3 /* NewBorrowingViewController.swift */ = {isa = PBXFileReference; lastKnownFileType = sourcecode.swift; path = NewBorrowingViewController.swift; sourceTree = "<group>"; };
		AEC85EBA21E2313600A161B3 /* NewBorrowingViewModel.swift */ = {isa = PBXFileReference; lastKnownFileType = sourcecode.swift; path = NewBorrowingViewModel.swift; sourceTree = "<group>"; };
		AEC85EBC21E2314700A161B3 /* NewBorrwoingViewController.storyboard */ = {isa = PBXFileReference; lastKnownFileType = file.storyboard; path = NewBorrwoingViewController.storyboard; sourceTree = "<group>"; };
/* End PBXFileReference section */

/* Begin PBXFrameworksBuildPhase section */
		AADB438E21A04D22009BF0C4 /* Frameworks */ = {
			isa = PBXFrameworksBuildPhase;
			buildActionMask = 2147483647;
			files = (
				CE8971389D2D026D5A01D5AB /* Pods_karimono.framework in Frameworks */,
			);
			runOnlyForDeploymentPostprocessing = 0;
		};
		AADB43A221A04D23009BF0C4 /* Frameworks */ = {
			isa = PBXFrameworksBuildPhase;
			buildActionMask = 2147483647;
			files = (
				22AA5752AB625570A88E7774 /* Pods_karimonoTests.framework in Frameworks */,
			);
			runOnlyForDeploymentPostprocessing = 0;
		};
		AADB43AD21A04D24009BF0C4 /* Frameworks */ = {
			isa = PBXFrameworksBuildPhase;
			buildActionMask = 2147483647;
			files = (
				CF69F9465FD48C083F732199 /* Pods_karimonoUITests.framework in Frameworks */,
			);
			runOnlyForDeploymentPostprocessing = 0;
		};
/* End PBXFrameworksBuildPhase section */

/* Begin PBXGroup section */
		5B13C03333C3451C15AAC878 /* Frameworks */ = {
			isa = PBXGroup;
			children = (
				8EB5E3A8F1177B878E9EB4B4 /* Pods_karimono.framework */,
				528A5B13EE497EDD9032CCD0 /* Pods_karimonoTests.framework */,
				131C45965E34DC5FCBAF77FF /* Pods_karimonoUITests.framework */,
			);
			name = Frameworks;
			sourceTree = "<group>";
		};
		AA0BB37C21BBDB9E00C7665A /* TextPicker */ = {
			isa = PBXGroup;
			children = (
				AA0BB37D21BBDBAE00C7665A /* TextPickerViewController.swift */,
				AA0BB37F21BBDBB800C7665A /* TextPicker.storyboard */,
			);
			path = TextPicker;
			sourceTree = "<group>";
		};
		AA2F6BDB21BC2AC0007F5DCF /* Request */ = {
			isa = PBXGroup;
			children = (
				AADB43D121A060DE009BF0C4 /* RequestManager.swift */,
				AA2F6BDD21BC2AF1007F5DCF /* AuthRequests.swift */,
				AAB5608121DF478000D93E1C /* AccountTeamRequest.swift */,
				AAB5607D21DF446400D93E1C /* ApiModels.swift */,
				AAB5607F21DF475A00D93E1C /* BorrowingRequest.swift */,
			);
			path = Request;
			sourceTree = "<group>";
		};
		AA38DA8C21BBBD6A00A3400B /* CommonComponents */ = {
			isa = PBXGroup;
			children = (
				AAB5608621DF510900D93E1C /* ViewModelInjectable.swift */,
				AA38DA8D21BBBD7B00A3400B /* DropShadowBackgournd.swift */,
				AAF552DD21BBBFF000803D1B /* BaseLabel.swift */,
				AAA60BF121BBD42F00E012A4 /* BaseButton.swift */,
				AA0BB37A21BBDA6F00C7665A /* BaseTextFeild.swift */,
				AAF552DB21BBBFE200803D1B /* BigLabel.swift */,
				AAF552E221BBC28C00803D1B /* SmallRegulerLabel.swift */,
				AA0BB38121BBDD9100C7665A /* SmallBoldLabel.swift */,
				AA2F6BD921BC2371007F5DCF /* LoadingView.swift */,
			);
			path = CommonComponents;
			sourceTree = "<group>";
		};
		AAB5608321DF4A7800D93E1C /* AccountAuth */ = {
			isa = PBXGroup;
			children = (
				AAB5608B21DF98E100D93E1C /* AccountAuthViewController.storyboard */,
				AAB5608421DF4ABB00D93E1C /* AccountAuthViewController.swift */,
				AAB5608F21DF9F6600D93E1C /* AccountAuthViewModel.swift */,
			);
			path = AccountAuth;
			sourceTree = "<group>";
		};
		AAB5608A21DF543C00D93E1C /* Repository */ = {
			isa = PBXGroup;
			children = (
				AAB5608821DF541D00D93E1C /* DataRepository.swift */,
			);
			path = Repository;
			sourceTree = "<group>";
		};
		AAB5609321DF9F8100D93E1C /* Base */ = {
			isa = PBXGroup;
			children = (
				AAB5608D21DF9CB400D93E1C /* BaseViewController.swift */,
				AAB5609121DF9F7A00D93E1C /* BaseViewModel.swift */,
			);
			name = Base;
			path = CommonComponents;
			sourceTree = "<group>";
		};
		AAB5609421E04C4600D93E1C /* Welcome */ = {
			isa = PBXGroup;
			children = (
				AAB5609521E04C7000D93E1C /* WelcomeViewController.swift */,
				AAB5609721E04C9300D93E1C /* WelcomeViewController.storyboard */,
				AAB5609921E04CA400D93E1C /* WelcomeViewModel.swift */,
			);
			path = Welcome;
			sourceTree = "<group>";
		};
		AAB5609D21E0622C00D93E1C /* Teams */ = {
			isa = PBXGroup;
			children = (
				AAB5609B21E0622600D93E1C /* TeamsViewController.swift */,
				AAB560A821E063C100D93E1C /* TeamsViewController.storyboard */,
				AAB560AA21E063CB00D93E1C /* TeamsViewModel.swift */,
				AAB560AC21E0644A00D93E1C /* TeamCell.xib */,
				AAB560AE21E0645700D93E1C /* TeamCell.swift */,
			);
			path = Teams;
			sourceTree = "<group>";
		};
		AAB5609F21E0631200D93E1C /* BorrowingList */ = {
			isa = PBXGroup;
			children = (
				AAB560A021E0631200D93E1C /* BorrowingItems.storyboard */,
				AAB560A121E0631200D93E1C /* BorrowingItemsViewController.swift */,
				AAB560A221E0631200D93E1C /* BorrowingItemCell.swift */,
				AAB560A321E0631200D93E1C /* BorrowingItemCell.xib */,
			);
			path = BorrowingList;
			sourceTree = "<group>";
		};
		AAB560B421E07AB100D93E1C /* TeamAuth */ = {
			isa = PBXGroup;
			children = (
				AAB560B521E07ACA00D93E1C /* TeamAuthViewController.swift */,
				AAB560B721E07ADD00D93E1C /* TeamAuthViewController.storyboard */,
				AAB560B921E07AEA00D93E1C /* TeamAuthViewModel.swift */,
			);
			name = TeamAuth;
			path = "New Group";
			sourceTree = "<group>";
		};
		AABFCBCF21BC0DFA00219B99 /* Main */ = {
			isa = PBXGroup;
			children = (
				AADB439821A04D22009BF0C4 /* Main.storyboard */,
				AA64C81621BBCAE600BAE094 /* MainViewController.swift */,
			);
			path = Main;
			sourceTree = "<group>";
		};
		AADB438821A04D22009BF0C4 = {
			isa = PBXGroup;
			children = (
				AADB439321A04D22009BF0C4 /* karimono */,
				AADB43A821A04D23009BF0C4 /* karimonoTests */,
				AADB43B321A04D24009BF0C4 /* karimonoUITests */,
				AADB439221A04D22009BF0C4 /* Products */,
				F1DF41DB665CC23990788C59 /* Pods */,
				5B13C03333C3451C15AAC878 /* Frameworks */,
			);
			sourceTree = "<group>";
		};
		AADB439221A04D22009BF0C4 /* Products */ = {
			isa = PBXGroup;
			children = (
				AADB439121A04D22009BF0C4 /* karimono.app */,
				AADB43A521A04D23009BF0C4 /* karimonoTests.xctest */,
				AADB43B021A04D24009BF0C4 /* karimonoUITests.xctest */,
			);
			name = Products;
			sourceTree = "<group>";
		};
		AADB439321A04D22009BF0C4 /* karimono */ = {
			isa = PBXGroup;
			children = (
				AADB439421A04D22009BF0C4 /* AppDelegate.swift */,
				AAB5608A21DF543C00D93E1C /* Repository */,
				AA2F6BDB21BC2AC0007F5DCF /* Request */,
				AAF552DF21BBC03800803D1B /* Extenstions */,
				AADB43C421A057F1009BF0C4 /* View */,
				AADB439B21A04D23009BF0C4 /* Assets.xcassets */,
				AADB439D21A04D23009BF0C4 /* LaunchScreen.storyboard */,
				AADB43A021A04D23009BF0C4 /* Info.plist */,
			);
			path = karimono;
			sourceTree = "<group>";
		};
		AADB43A821A04D23009BF0C4 /* karimonoTests */ = {
			isa = PBXGroup;
			children = (
				AADB43A921A04D23009BF0C4 /* karimonoTests.swift */,
				AADB43AB21A04D23009BF0C4 /* Info.plist */,
			);
			path = karimonoTests;
			sourceTree = "<group>";
		};
		AADB43B321A04D24009BF0C4 /* karimonoUITests */ = {
			isa = PBXGroup;
			children = (
				AADB43B421A04D24009BF0C4 /* karimonoUITests.swift */,
				AADB43B621A04D24009BF0C4 /* Info.plist */,
			);
			path = karimonoUITests;
			sourceTree = "<group>";
		};
		AADB43C421A057F1009BF0C4 /* View */ = {
			isa = PBXGroup;
			children = (
				AEC85EB721E230E500A161B3 /* NewBorroing */,
				AEC85EAC21E2118F00A161B3 /* TeamBorrowings */,
				AAB560B421E07AB100D93E1C /* TeamAuth */,
				AAB5609F21E0631200D93E1C /* BorrowingList */,
				AAB5609421E04C4600D93E1C /* Welcome */,
				AAB5609321DF9F8100D93E1C /* Base */,
				AABFCBCF21BC0DFA00219B99 /* Main */,
				AAB5608321DF4A7800D93E1C /* AccountAuth */,
				AA38DA8C21BBBD6A00A3400B /* CommonComponents */,
				AA0BB37C21BBDB9E00C7665A /* TextPicker */,
				AADB43CC21A05A27009BF0C4 /* BorrowingList */,
				AADB43D321A068AD009BF0C4 /* Returning */,
				AAB5609D21E0622C00D93E1C /* Teams */,
			);
			path = View;
			sourceTree = "<group>";
		};
		AADB43CC21A05A27009BF0C4 /* BorrowingList */ = {
			isa = PBXGroup;
			children = (
			);
			path = BorrowingList;
			sourceTree = "<group>";
		};
		AADB43D321A068AD009BF0C4 /* Returning */ = {
			isa = PBXGroup;
			children = (
				AADB43D421A068C1009BF0C4 /* ReturningViewController.swift */,
				AADB43D621A068CB009BF0C4 /* Returning.storyboard */,
			);
			path = Returning;
			sourceTree = "<group>";
		};
		AAF552DF21BBC03800803D1B /* Extenstions */ = {
			isa = PBXGroup;
			children = (
				AAF552E021BBC04900803D1B /* UIColor+Extenstions.swift */,
				AAB560BB21E0833D00D93E1C /* RxSwift+Extenstions.swift */,
			);
			name = Extenstions;
			path = View;
			sourceTree = "<group>";
		};
		AEC85EAC21E2118F00A161B3 /* TeamBorrowings */ = {
			isa = PBXGroup;
			children = (
				AEC85EAD21E211A200A161B3 /* TeamBorrowingsViewController.swift */,
				AEC85EAF21E211C000A161B3 /* TeamBorrowingsViewModel.swift */,
				AEC85EB121E211E900A161B3 /* TeamBorrowingsViewController.storyboard */,
				AEC85EB321E22E1100A161B3 /* BorrowingCell.swift */,
				AEC85EB521E22E1C00A161B3 /* BorrowingCell.xib */,
			);
			path = TeamBorrowings;
			sourceTree = "<group>";
		};
		AEC85EB721E230E500A161B3 /* NewBorroing */ = {
			isa = PBXGroup;
			children = (
				AEC85EB821E2312500A161B3 /* NewBorrowingViewController.swift */,
				AEC85EBA21E2313600A161B3 /* NewBorrowingViewModel.swift */,
				AEC85EBC21E2314700A161B3 /* NewBorrwoingViewController.storyboard */,
			);
			path = NewBorroing;
			sourceTree = "<group>";
		};
		F1DF41DB665CC23990788C59 /* Pods */ = {
			isa = PBXGroup;
			children = (
				8893EA0C902D4947C2D2B3E3 /* Pods-karimono.debug.xcconfig */,
				57BFAED132F412C51BF880D9 /* Pods-karimono.release.xcconfig */,
				6FF73BF90A7F5D2C692A2B1B /* Pods-karimonoTests.debug.xcconfig */,
				99F931521016529FE4403A01 /* Pods-karimonoTests.release.xcconfig */,
				52927FA12A33FED366B095E5 /* Pods-karimonoUITests.debug.xcconfig */,
				6A3FB046B0967FC4AB605D1B /* Pods-karimonoUITests.release.xcconfig */,
			);
			name = Pods;
			sourceTree = "<group>";
		};
/* End PBXGroup section */

/* Begin PBXNativeTarget section */
		AADB439021A04D22009BF0C4 /* karimono */ = {
			isa = PBXNativeTarget;
			buildConfigurationList = AADB43B921A04D24009BF0C4 /* Build configuration list for PBXNativeTarget "karimono" */;
			buildPhases = (
				9039B4450160898269A5924C /* [CP] Check Pods Manifest.lock */,
				AADB438D21A04D22009BF0C4 /* Sources */,
				AADB438E21A04D22009BF0C4 /* Frameworks */,
				AADB438F21A04D22009BF0C4 /* Resources */,
				D73B290C18B32CFC3B7D745C /* [CP] Embed Pods Frameworks */,
			);
			buildRules = (
			);
			dependencies = (
			);
			name = karimono;
			productName = karimono;
			productReference = AADB439121A04D22009BF0C4 /* karimono.app */;
			productType = "com.apple.product-type.application";
		};
		AADB43A421A04D23009BF0C4 /* karimonoTests */ = {
			isa = PBXNativeTarget;
			buildConfigurationList = AADB43BC21A04D24009BF0C4 /* Build configuration list for PBXNativeTarget "karimonoTests" */;
			buildPhases = (
				E12BE275C77CFE6E1F71EBEA /* [CP] Check Pods Manifest.lock */,
				AADB43A121A04D23009BF0C4 /* Sources */,
				AADB43A221A04D23009BF0C4 /* Frameworks */,
				AADB43A321A04D23009BF0C4 /* Resources */,
			);
			buildRules = (
			);
			dependencies = (
				AADB43A721A04D23009BF0C4 /* PBXTargetDependency */,
			);
			name = karimonoTests;
			productName = karimonoTests;
			productReference = AADB43A521A04D23009BF0C4 /* karimonoTests.xctest */;
			productType = "com.apple.product-type.bundle.unit-test";
		};
		AADB43AF21A04D24009BF0C4 /* karimonoUITests */ = {
			isa = PBXNativeTarget;
			buildConfigurationList = AADB43BF21A04D24009BF0C4 /* Build configuration list for PBXNativeTarget "karimonoUITests" */;
			buildPhases = (
				A81A269D8E9EF883479B7F0C /* [CP] Check Pods Manifest.lock */,
				AADB43AC21A04D24009BF0C4 /* Sources */,
				AADB43AD21A04D24009BF0C4 /* Frameworks */,
				AADB43AE21A04D24009BF0C4 /* Resources */,
			);
			buildRules = (
			);
			dependencies = (
				AADB43B221A04D24009BF0C4 /* PBXTargetDependency */,
			);
			name = karimonoUITests;
			productName = karimonoUITests;
			productReference = AADB43B021A04D24009BF0C4 /* karimonoUITests.xctest */;
			productType = "com.apple.product-type.bundle.ui-testing";
		};
/* End PBXNativeTarget section */

/* Begin PBXProject section */
		AADB438921A04D22009BF0C4 /* Project object */ = {
			isa = PBXProject;
			attributes = {
				LastSwiftUpdateCheck = 1000;
				LastUpgradeCheck = 1000;
				ORGANIZATIONNAME = "Kei Kameda";
				TargetAttributes = {
					AADB439021A04D22009BF0C4 = {
						CreatedOnToolsVersion = 10.0;
					};
					AADB43A421A04D23009BF0C4 = {
						CreatedOnToolsVersion = 10.0;
						TestTargetID = AADB439021A04D22009BF0C4;
					};
					AADB43AF21A04D24009BF0C4 = {
						CreatedOnToolsVersion = 10.0;
						TestTargetID = AADB439021A04D22009BF0C4;
					};
				};
			};
			buildConfigurationList = AADB438C21A04D22009BF0C4 /* Build configuration list for PBXProject "karimono" */;
			compatibilityVersion = "Xcode 9.3";
			developmentRegion = en;
			hasScannedForEncodings = 0;
			knownRegions = (
				en,
				Base,
			);
			mainGroup = AADB438821A04D22009BF0C4;
			productRefGroup = AADB439221A04D22009BF0C4 /* Products */;
			projectDirPath = "";
			projectRoot = "";
			targets = (
				AADB439021A04D22009BF0C4 /* karimono */,
				AADB43A421A04D23009BF0C4 /* karimonoTests */,
				AADB43AF21A04D24009BF0C4 /* karimonoUITests */,
			);
		};
/* End PBXProject section */

/* Begin PBXResourcesBuildPhase section */
		AADB438F21A04D22009BF0C4 /* Resources */ = {
			isa = PBXResourcesBuildPhase;
			buildActionMask = 2147483647;
			files = (
				AEC85EB221E211E900A161B3 /* TeamBorrowingsViewController.storyboard in Resources */,
				AAB5609821E04C9300D93E1C /* WelcomeViewController.storyboard in Resources */,
				AAB5608C21DF98E100D93E1C /* AccountAuthViewController.storyboard in Resources */,
				AADB439F21A04D23009BF0C4 /* LaunchScreen.storyboard in Resources */,
				AADB439C21A04D23009BF0C4 /* Assets.xcassets in Resources */,
				AAB560A921E063C100D93E1C /* TeamsViewController.storyboard in Resources */,
				AAB560A721E0631200D93E1C /* BorrowingItemCell.xib in Resources */,
				AAB560B821E07ADD00D93E1C /* TeamAuthViewController.storyboard in Resources */,
				AAB560A421E0631200D93E1C /* BorrowingItems.storyboard in Resources */,
				AADB439A21A04D22009BF0C4 /* Main.storyboard in Resources */,
				AAB560AD21E0644A00D93E1C /* TeamCell.xib in Resources */,
				AEC85EB621E22E1C00A161B3 /* BorrowingCell.xib in Resources */,
				AADB43D721A068CB009BF0C4 /* Returning.storyboard in Resources */,
				AEC85EBD21E2314700A161B3 /* NewBorrwoingViewController.storyboard in Resources */,
				AA0BB38021BBDBB800C7665A /* TextPicker.storyboard in Resources */,
			);
			runOnlyForDeploymentPostprocessing = 0;
		};
		AADB43A321A04D23009BF0C4 /* Resources */ = {
			isa = PBXResourcesBuildPhase;
			buildActionMask = 2147483647;
			files = (
			);
			runOnlyForDeploymentPostprocessing = 0;
		};
		AADB43AE21A04D24009BF0C4 /* Resources */ = {
			isa = PBXResourcesBuildPhase;
			buildActionMask = 2147483647;
			files = (
			);
			runOnlyForDeploymentPostprocessing = 0;
		};
/* End PBXResourcesBuildPhase section */

/* Begin PBXShellScriptBuildPhase section */
		9039B4450160898269A5924C /* [CP] Check Pods Manifest.lock */ = {
			isa = PBXShellScriptBuildPhase;
			buildActionMask = 2147483647;
			files = (
			);
			inputPaths = (
				"${PODS_PODFILE_DIR_PATH}/Podfile.lock",
				"${PODS_ROOT}/Manifest.lock",
			);
			name = "[CP] Check Pods Manifest.lock";
			outputPaths = (
				"$(DERIVED_FILE_DIR)/Pods-karimono-checkManifestLockResult.txt",
			);
			runOnlyForDeploymentPostprocessing = 0;
			shellPath = /bin/sh;
			shellScript = "diff \"${PODS_PODFILE_DIR_PATH}/Podfile.lock\" \"${PODS_ROOT}/Manifest.lock\" > /dev/null\nif [ $? != 0 ] ; then\n    # print error to STDERR\n    echo \"error: The sandbox is not in sync with the Podfile.lock. Run 'pod install' or update your CocoaPods installation.\" >&2\n    exit 1\nfi\n# This output is used by Xcode 'outputs' to avoid re-running this script phase.\necho \"SUCCESS\" > \"${SCRIPT_OUTPUT_FILE_0}\"\n";
			showEnvVarsInLog = 0;
		};
		A81A269D8E9EF883479B7F0C /* [CP] Check Pods Manifest.lock */ = {
			isa = PBXShellScriptBuildPhase;
			buildActionMask = 2147483647;
			files = (
			);
			inputPaths = (
				"${PODS_PODFILE_DIR_PATH}/Podfile.lock",
				"${PODS_ROOT}/Manifest.lock",
			);
			name = "[CP] Check Pods Manifest.lock";
			outputPaths = (
				"$(DERIVED_FILE_DIR)/Pods-karimonoUITests-checkManifestLockResult.txt",
			);
			runOnlyForDeploymentPostprocessing = 0;
			shellPath = /bin/sh;
			shellScript = "diff \"${PODS_PODFILE_DIR_PATH}/Podfile.lock\" \"${PODS_ROOT}/Manifest.lock\" > /dev/null\nif [ $? != 0 ] ; then\n    # print error to STDERR\n    echo \"error: The sandbox is not in sync with the Podfile.lock. Run 'pod install' or update your CocoaPods installation.\" >&2\n    exit 1\nfi\n# This output is used by Xcode 'outputs' to avoid re-running this script phase.\necho \"SUCCESS\" > \"${SCRIPT_OUTPUT_FILE_0}\"\n";
			showEnvVarsInLog = 0;
		};
		D73B290C18B32CFC3B7D745C /* [CP] Embed Pods Frameworks */ = {
			isa = PBXShellScriptBuildPhase;
			buildActionMask = 2147483647;
			files = (
			);
			inputPaths = (
				"${PODS_ROOT}/Target Support Files/Pods-karimono/Pods-karimono-frameworks.sh",
				"${BUILT_PRODUCTS_DIR}/RxAtomic/RxAtomic.framework",
				"${BUILT_PRODUCTS_DIR}/RxCocoa/RxCocoa.framework",
				"${BUILT_PRODUCTS_DIR}/RxSwift/RxSwift.framework",
			);
			name = "[CP] Embed Pods Frameworks";
			outputPaths = (
				"${TARGET_BUILD_DIR}/${FRAMEWORKS_FOLDER_PATH}/RxAtomic.framework",
				"${TARGET_BUILD_DIR}/${FRAMEWORKS_FOLDER_PATH}/RxCocoa.framework",
				"${TARGET_BUILD_DIR}/${FRAMEWORKS_FOLDER_PATH}/RxSwift.framework",
			);
			runOnlyForDeploymentPostprocessing = 0;
			shellPath = /bin/sh;
			shellScript = "\"${PODS_ROOT}/Target Support Files/Pods-karimono/Pods-karimono-frameworks.sh\"\n";
			showEnvVarsInLog = 0;
		};
		E12BE275C77CFE6E1F71EBEA /* [CP] Check Pods Manifest.lock */ = {
			isa = PBXShellScriptBuildPhase;
			buildActionMask = 2147483647;
			files = (
			);
			inputPaths = (
				"${PODS_PODFILE_DIR_PATH}/Podfile.lock",
				"${PODS_ROOT}/Manifest.lock",
			);
			name = "[CP] Check Pods Manifest.lock";
			outputPaths = (
				"$(DERIVED_FILE_DIR)/Pods-karimonoTests-checkManifestLockResult.txt",
			);
			runOnlyForDeploymentPostprocessing = 0;
			shellPath = /bin/sh;
			shellScript = "diff \"${PODS_PODFILE_DIR_PATH}/Podfile.lock\" \"${PODS_ROOT}/Manifest.lock\" > /dev/null\nif [ $? != 0 ] ; then\n    # print error to STDERR\n    echo \"error: The sandbox is not in sync with the Podfile.lock. Run 'pod install' or update your CocoaPods installation.\" >&2\n    exit 1\nfi\n# This output is used by Xcode 'outputs' to avoid re-running this script phase.\necho \"SUCCESS\" > \"${SCRIPT_OUTPUT_FILE_0}\"\n";
			showEnvVarsInLog = 0;
		};
/* End PBXShellScriptBuildPhase section */

/* Begin PBXSourcesBuildPhase section */
		AADB438D21A04D22009BF0C4 /* Sources */ = {
			isa = PBXSourcesBuildPhase;
			buildActionMask = 2147483647;
			files = (
				AAA60BF221BBD42F00E012A4 /* BaseButton.swift in Sources */,
				AAF552E121BBC04900803D1B /* UIColor+Extenstions.swift in Sources */,
				AAB560BA21E07AEA00D93E1C /* TeamAuthViewModel.swift in Sources */,
				AAB5608021DF475A00D93E1C /* BorrowingRequest.swift in Sources */,
				AEC85EBB21E2313600A161B3 /* NewBorrowingViewModel.swift in Sources */,
				AAB5608921DF541D00D93E1C /* DataRepository.swift in Sources */,
				AEC85EAE21E211A200A161B3 /* TeamBorrowingsViewController.swift in Sources */,
				AAF552DE21BBBFF000803D1B /* BaseLabel.swift in Sources */,
				AAB5609A21E04CA400D93E1C /* WelcomeViewModel.swift in Sources */,
				AEC85EB021E211C100A161B3 /* TeamBorrowingsViewModel.swift in Sources */,
				AAB560AB21E063CB00D93E1C /* TeamsViewModel.swift in Sources */,
				AAB560BC21E0833D00D93E1C /* RxSwift+Extenstions.swift in Sources */,
				AA64C81721BBCAE600BAE094 /* MainViewController.swift in Sources */,
				AA2F6BDE21BC2AF1007F5DCF /* AuthRequests.swift in Sources */,
				AADB43D521A068C1009BF0C4 /* ReturningViewController.swift in Sources */,
				AA38DA8E21BBBD7B00A3400B /* DropShadowBackgournd.swift in Sources */,
				AAF552DC21BBBFE200803D1B /* BigLabel.swift in Sources */,
				AAB5609021DF9F6600D93E1C /* AccountAuthViewModel.swift in Sources */,
				AAB5608221DF478000D93E1C /* AccountTeamRequest.swift in Sources */,
				AAB5609621E04C7000D93E1C /* WelcomeViewController.swift in Sources */,
				AAB560AF21E0645700D93E1C /* TeamCell.swift in Sources */,
				AADB43D221A060DE009BF0C4 /* RequestManager.swift in Sources */,
				AAB560A621E0631200D93E1C /* BorrowingItemCell.swift in Sources */,
				AEC85EB421E22E1100A161B3 /* BorrowingCell.swift in Sources */,
				AAB5608E21DF9CB400D93E1C /* BaseViewController.swift in Sources */,
				AAB5609C21E0622600D93E1C /* TeamsViewController.swift in Sources */,
				AAB5608521DF4ABB00D93E1C /* AccountAuthViewController.swift in Sources */,
				AA0BB38221BBDD9100C7665A /* SmallBoldLabel.swift in Sources */,
				AAB560B621E07ACA00D93E1C /* TeamAuthViewController.swift in Sources */,
				AAB5609221DF9F7A00D93E1C /* BaseViewModel.swift in Sources */,
				AA2F6BDA21BC2371007F5DCF /* LoadingView.swift in Sources */,
				AAB5607E21DF446400D93E1C /* ApiModels.swift in Sources */,
				AAB560A521E0631200D93E1C /* BorrowingItemsViewController.swift in Sources */,
				AAB5608721DF510900D93E1C /* ViewModelInjectable.swift in Sources */,
				AA0BB37E21BBDBAE00C7665A /* TextPickerViewController.swift in Sources */,
				AADB439521A04D22009BF0C4 /* AppDelegate.swift in Sources */,
				AEC85EB921E2312500A161B3 /* NewBorrowingViewController.swift in Sources */,
				AA0BB37B21BBDA6F00C7665A /* BaseTextFeild.swift in Sources */,
				AAF552E321BBC28C00803D1B /* SmallRegulerLabel.swift in Sources */,
			);
			runOnlyForDeploymentPostprocessing = 0;
		};
		AADB43A121A04D23009BF0C4 /* Sources */ = {
			isa = PBXSourcesBuildPhase;
			buildActionMask = 2147483647;
			files = (
				AADB43AA21A04D23009BF0C4 /* karimonoTests.swift in Sources */,
			);
			runOnlyForDeploymentPostprocessing = 0;
		};
		AADB43AC21A04D24009BF0C4 /* Sources */ = {
			isa = PBXSourcesBuildPhase;
			buildActionMask = 2147483647;
			files = (
				AADB43B521A04D24009BF0C4 /* karimonoUITests.swift in Sources */,
			);
			runOnlyForDeploymentPostprocessing = 0;
		};
/* End PBXSourcesBuildPhase section */

/* Begin PBXTargetDependency section */
		AADB43A721A04D23009BF0C4 /* PBXTargetDependency */ = {
			isa = PBXTargetDependency;
			target = AADB439021A04D22009BF0C4 /* karimono */;
			targetProxy = AADB43A621A04D23009BF0C4 /* PBXContainerItemProxy */;
		};
		AADB43B221A04D24009BF0C4 /* PBXTargetDependency */ = {
			isa = PBXTargetDependency;
			target = AADB439021A04D22009BF0C4 /* karimono */;
			targetProxy = AADB43B121A04D24009BF0C4 /* PBXContainerItemProxy */;
		};
/* End PBXTargetDependency section */

/* Begin PBXVariantGroup section */
		AADB439821A04D22009BF0C4 /* Main.storyboard */ = {
			isa = PBXVariantGroup;
			children = (
				AADB439921A04D22009BF0C4 /* Base */,
			);
			name = Main.storyboard;
			sourceTree = "<group>";
		};
		AADB439D21A04D23009BF0C4 /* LaunchScreen.storyboard */ = {
			isa = PBXVariantGroup;
			children = (
				AADB439E21A04D23009BF0C4 /* Base */,
			);
			name = LaunchScreen.storyboard;
			sourceTree = "<group>";
		};
/* End PBXVariantGroup section */

/* Begin XCBuildConfiguration section */
		AADB43B721A04D24009BF0C4 /* Debug */ = {
			isa = XCBuildConfiguration;
			buildSettings = {
				ALWAYS_SEARCH_USER_PATHS = NO;
				CLANG_ANALYZER_NONNULL = YES;
				CLANG_ANALYZER_NUMBER_OBJECT_CONVERSION = YES_AGGRESSIVE;
				CLANG_CXX_LANGUAGE_STANDARD = "gnu++14";
				CLANG_CXX_LIBRARY = "libc++";
				CLANG_ENABLE_MODULES = YES;
				CLANG_ENABLE_OBJC_ARC = YES;
				CLANG_ENABLE_OBJC_WEAK = YES;
				CLANG_WARN_BLOCK_CAPTURE_AUTORELEASING = YES;
				CLANG_WARN_BOOL_CONVERSION = YES;
				CLANG_WARN_COMMA = YES;
				CLANG_WARN_CONSTANT_CONVERSION = YES;
				CLANG_WARN_DEPRECATED_OBJC_IMPLEMENTATIONS = YES;
				CLANG_WARN_DIRECT_OBJC_ISA_USAGE = YES_ERROR;
				CLANG_WARN_DOCUMENTATION_COMMENTS = YES;
				CLANG_WARN_EMPTY_BODY = YES;
				CLANG_WARN_ENUM_CONVERSION = YES;
				CLANG_WARN_INFINITE_RECURSION = YES;
				CLANG_WARN_INT_CONVERSION = YES;
				CLANG_WARN_NON_LITERAL_NULL_CONVERSION = YES;
				CLANG_WARN_OBJC_IMPLICIT_RETAIN_SELF = YES;
				CLANG_WARN_OBJC_LITERAL_CONVERSION = YES;
				CLANG_WARN_OBJC_ROOT_CLASS = YES_ERROR;
				CLANG_WARN_RANGE_LOOP_ANALYSIS = YES;
				CLANG_WARN_STRICT_PROTOTYPES = YES;
				CLANG_WARN_SUSPICIOUS_MOVE = YES;
				CLANG_WARN_UNGUARDED_AVAILABILITY = YES_AGGRESSIVE;
				CLANG_WARN_UNREACHABLE_CODE = YES;
				CLANG_WARN__DUPLICATE_METHOD_MATCH = YES;
				CODE_SIGN_IDENTITY = "iPhone Developer";
				COPY_PHASE_STRIP = NO;
				DEBUG_INFORMATION_FORMAT = dwarf;
				ENABLE_STRICT_OBJC_MSGSEND = YES;
				ENABLE_TESTABILITY = YES;
				GCC_C_LANGUAGE_STANDARD = gnu11;
				GCC_DYNAMIC_NO_PIC = NO;
				GCC_NO_COMMON_BLOCKS = YES;
				GCC_OPTIMIZATION_LEVEL = 0;
				GCC_PREPROCESSOR_DEFINITIONS = (
					"DEBUG=1",
					"$(inherited)",
				);
				GCC_WARN_64_TO_32_BIT_CONVERSION = YES;
				GCC_WARN_ABOUT_RETURN_TYPE = YES_ERROR;
				GCC_WARN_UNDECLARED_SELECTOR = YES;
				GCC_WARN_UNINITIALIZED_AUTOS = YES_AGGRESSIVE;
				GCC_WARN_UNUSED_FUNCTION = YES;
				GCC_WARN_UNUSED_VARIABLE = YES;
				IPHONEOS_DEPLOYMENT_TARGET = 12.0;
				MTL_ENABLE_DEBUG_INFO = INCLUDE_SOURCE;
				MTL_FAST_MATH = YES;
				ONLY_ACTIVE_ARCH = YES;
				SDKROOT = iphoneos;
				SWIFT_ACTIVE_COMPILATION_CONDITIONS = DEBUG;
				SWIFT_OPTIMIZATION_LEVEL = "-Onone";
			};
			name = Debug;
		};
		AADB43B821A04D24009BF0C4 /* Release */ = {
			isa = XCBuildConfiguration;
			buildSettings = {
				ALWAYS_SEARCH_USER_PATHS = NO;
				CLANG_ANALYZER_NONNULL = YES;
				CLANG_ANALYZER_NUMBER_OBJECT_CONVERSION = YES_AGGRESSIVE;
				CLANG_CXX_LANGUAGE_STANDARD = "gnu++14";
				CLANG_CXX_LIBRARY = "libc++";
				CLANG_ENABLE_MODULES = YES;
				CLANG_ENABLE_OBJC_ARC = YES;
				CLANG_ENABLE_OBJC_WEAK = YES;
				CLANG_WARN_BLOCK_CAPTURE_AUTORELEASING = YES;
				CLANG_WARN_BOOL_CONVERSION = YES;
				CLANG_WARN_COMMA = YES;
				CLANG_WARN_CONSTANT_CONVERSION = YES;
				CLANG_WARN_DEPRECATED_OBJC_IMPLEMENTATIONS = YES;
				CLANG_WARN_DIRECT_OBJC_ISA_USAGE = YES_ERROR;
				CLANG_WARN_DOCUMENTATION_COMMENTS = YES;
				CLANG_WARN_EMPTY_BODY = YES;
				CLANG_WARN_ENUM_CONVERSION = YES;
				CLANG_WARN_INFINITE_RECURSION = YES;
				CLANG_WARN_INT_CONVERSION = YES;
				CLANG_WARN_NON_LITERAL_NULL_CONVERSION = YES;
				CLANG_WARN_OBJC_IMPLICIT_RETAIN_SELF = YES;
				CLANG_WARN_OBJC_LITERAL_CONVERSION = YES;
				CLANG_WARN_OBJC_ROOT_CLASS = YES_ERROR;
				CLANG_WARN_RANGE_LOOP_ANALYSIS = YES;
				CLANG_WARN_STRICT_PROTOTYPES = YES;
				CLANG_WARN_SUSPICIOUS_MOVE = YES;
				CLANG_WARN_UNGUARDED_AVAILABILITY = YES_AGGRESSIVE;
				CLANG_WARN_UNREACHABLE_CODE = YES;
				CLANG_WARN__DUPLICATE_METHOD_MATCH = YES;
				CODE_SIGN_IDENTITY = "iPhone Developer";
				COPY_PHASE_STRIP = NO;
				DEBUG_INFORMATION_FORMAT = "dwarf-with-dsym";
				ENABLE_NS_ASSERTIONS = NO;
				ENABLE_STRICT_OBJC_MSGSEND = YES;
				GCC_C_LANGUAGE_STANDARD = gnu11;
				GCC_NO_COMMON_BLOCKS = YES;
				GCC_WARN_64_TO_32_BIT_CONVERSION = YES;
				GCC_WARN_ABOUT_RETURN_TYPE = YES_ERROR;
				GCC_WARN_UNDECLARED_SELECTOR = YES;
				GCC_WARN_UNINITIALIZED_AUTOS = YES_AGGRESSIVE;
				GCC_WARN_UNUSED_FUNCTION = YES;
				GCC_WARN_UNUSED_VARIABLE = YES;
				IPHONEOS_DEPLOYMENT_TARGET = 12.0;
				MTL_ENABLE_DEBUG_INFO = NO;
				MTL_FAST_MATH = YES;
				SDKROOT = iphoneos;
				SWIFT_COMPILATION_MODE = wholemodule;
				SWIFT_OPTIMIZATION_LEVEL = "-O";
				VALIDATE_PRODUCT = YES;
			};
			name = Release;
		};
		AADB43BA21A04D24009BF0C4 /* Debug */ = {
			isa = XCBuildConfiguration;
			baseConfigurationReference = 8893EA0C902D4947C2D2B3E3 /* Pods-karimono.debug.xcconfig */;
			buildSettings = {
				ASSETCATALOG_COMPILER_APPICON_NAME = AppIcon;
				CODE_SIGN_STYLE = Automatic;
				DEVELOPMENT_TEAM = 4GHQW95774;
				INFOPLIST_FILE = karimono/Info.plist;
				LD_RUNPATH_SEARCH_PATHS = (
					"$(inherited)",
					"@executable_path/Frameworks",
				);
				PRODUCT_BUNDLE_IDENTIFIER = net.kameike.karimono;
				PRODUCT_NAME = "$(TARGET_NAME)";
				SWIFT_VERSION = 4.2;
				TARGETED_DEVICE_FAMILY = "1,2";
			};
			name = Debug;
		};
		AADB43BB21A04D24009BF0C4 /* Release */ = {
			isa = XCBuildConfiguration;
			baseConfigurationReference = 57BFAED132F412C51BF880D9 /* Pods-karimono.release.xcconfig */;
			buildSettings = {
				ASSETCATALOG_COMPILER_APPICON_NAME = AppIcon;
				CODE_SIGN_STYLE = Automatic;
				DEVELOPMENT_TEAM = 4GHQW95774;
				INFOPLIST_FILE = karimono/Info.plist;
				LD_RUNPATH_SEARCH_PATHS = (
					"$(inherited)",
					"@executable_path/Frameworks",
				);
				PRODUCT_BUNDLE_IDENTIFIER = net.kameike.karimono;
				PRODUCT_NAME = "$(TARGET_NAME)";
				SWIFT_VERSION = 4.2;
				TARGETED_DEVICE_FAMILY = "1,2";
			};
			name = Release;
		};
		AADB43BD21A04D24009BF0C4 /* Debug */ = {
			isa = XCBuildConfiguration;
			baseConfigurationReference = 6FF73BF90A7F5D2C692A2B1B /* Pods-karimonoTests.debug.xcconfig */;
			buildSettings = {
				ALWAYS_EMBED_SWIFT_STANDARD_LIBRARIES = YES;
				BUNDLE_LOADER = "$(TEST_HOST)";
				CODE_SIGN_STYLE = Automatic;
				INFOPLIST_FILE = karimonoTests/Info.plist;
				LD_RUNPATH_SEARCH_PATHS = (
					"$(inherited)",
					"@executable_path/Frameworks",
					"@loader_path/Frameworks",
				);
				PRODUCT_BUNDLE_IDENTIFIER = net.kameike.karimonoTests;
				PRODUCT_NAME = "$(TARGET_NAME)";
				SWIFT_VERSION = 4.2;
				TARGETED_DEVICE_FAMILY = "1,2";
				TEST_HOST = "$(BUILT_PRODUCTS_DIR)/karimono.app/karimono";
			};
			name = Debug;
		};
		AADB43BE21A04D24009BF0C4 /* Release */ = {
			isa = XCBuildConfiguration;
			baseConfigurationReference = 99F931521016529FE4403A01 /* Pods-karimonoTests.release.xcconfig */;
			buildSettings = {
				ALWAYS_EMBED_SWIFT_STANDARD_LIBRARIES = YES;
				BUNDLE_LOADER = "$(TEST_HOST)";
				CODE_SIGN_STYLE = Automatic;
				INFOPLIST_FILE = karimonoTests/Info.plist;
				LD_RUNPATH_SEARCH_PATHS = (
					"$(inherited)",
					"@executable_path/Frameworks",
					"@loader_path/Frameworks",
				);
				PRODUCT_BUNDLE_IDENTIFIER = net.kameike.karimonoTests;
				PRODUCT_NAME = "$(TARGET_NAME)";
				SWIFT_VERSION = 4.2;
				TARGETED_DEVICE_FAMILY = "1,2";
				TEST_HOST = "$(BUILT_PRODUCTS_DIR)/karimono.app/karimono";
			};
			name = Release;
		};
		AADB43C021A04D24009BF0C4 /* Debug */ = {
			isa = XCBuildConfiguration;
			baseConfigurationReference = 52927FA12A33FED366B095E5 /* Pods-karimonoUITests.debug.xcconfig */;
			buildSettings = {
				ALWAYS_EMBED_SWIFT_STANDARD_LIBRARIES = YES;
				CODE_SIGN_STYLE = Automatic;
				INFOPLIST_FILE = karimonoUITests/Info.plist;
				LD_RUNPATH_SEARCH_PATHS = (
					"$(inherited)",
					"@executable_path/Frameworks",
					"@loader_path/Frameworks",
				);
				PRODUCT_BUNDLE_IDENTIFIER = net.kameike.karimonoUITests;
				PRODUCT_NAME = "$(TARGET_NAME)";
				SWIFT_VERSION = 4.2;
				TARGETED_DEVICE_FAMILY = "1,2";
				TEST_TARGET_NAME = karimono;
			};
			name = Debug;
		};
		AADB43C121A04D24009BF0C4 /* Release */ = {
			isa = XCBuildConfiguration;
			baseConfigurationReference = 6A3FB046B0967FC4AB605D1B /* Pods-karimonoUITests.release.xcconfig */;
			buildSettings = {
				ALWAYS_EMBED_SWIFT_STANDARD_LIBRARIES = YES;
				CODE_SIGN_STYLE = Automatic;
				INFOPLIST_FILE = karimonoUITests/Info.plist;
				LD_RUNPATH_SEARCH_PATHS = (
					"$(inherited)",
					"@executable_path/Frameworks",
					"@loader_path/Frameworks",
				);
				PRODUCT_BUNDLE_IDENTIFIER = net.kameike.karimonoUITests;
				PRODUCT_NAME = "$(TARGET_NAME)";
				SWIFT_VERSION = 4.2;
				TARGETED_DEVICE_FAMILY = "1,2";
				TEST_TARGET_NAME = karimono;
			};
			name = Release;
		};
/* End XCBuildConfiguration section */

/* Begin XCConfigurationList section */
		AADB438C21A04D22009BF0C4 /* Build configuration list for PBXProject "karimono" */ = {
			isa = XCConfigurationList;
			buildConfigurations = (
				AADB43B721A04D24009BF0C4 /* Debug */,
				AADB43B821A04D24009BF0C4 /* Release */,
			);
			defaultConfigurationIsVisible = 0;
			defaultConfigurationName = Release;
		};
		AADB43B921A04D24009BF0C4 /* Build configuration list for PBXNativeTarget "karimono" */ = {
			isa = XCConfigurationList;
			buildConfigurations = (
				AADB43BA21A04D24009BF0C4 /* Debug */,
				AADB43BB21A04D24009BF0C4 /* Release */,
			);
			defaultConfigurationIsVisible = 0;
			defaultConfigurationName = Release;
		};
		AADB43BC21A04D24009BF0C4 /* Build configuration list for PBXNativeTarget "karimonoTests" */ = {
			isa = XCConfigurationList;
			buildConfigurations = (
				AADB43BD21A04D24009BF0C4 /* Debug */,
				AADB43BE21A04D24009BF0C4 /* Release */,
			);
			defaultConfigurationIsVisible = 0;
			defaultConfigurationName = Release;
		};
		AADB43BF21A04D24009BF0C4 /* Build configuration list for PBXNativeTarget "karimonoUITests" */ = {
			isa = XCConfigurationList;
			buildConfigurations = (
				AADB43C021A04D24009BF0C4 /* Debug */,
				AADB43C121A04D24009BF0C4 /* Release */,
			);
			defaultConfigurationIsVisible = 0;
			defaultConfigurationName = Release;
		};
/* End XCConfigurationList section */
	};
	rootObject = AADB438921A04D22009BF0C4 /* Project object */;
}
